
Microsoft Visual Studio Solution File, Format Version 12.00
# Visual Studio 15
VisualStudioVersion = 15.0.27130.2036
MinimumVisualStudioVersion = 10.0.40219.1
Project("{FAE04EC0-301F-11D3-BF4B-00C04F79EFBC}") = "SettingCat", "SettingCat\SettingCat.csproj", "{A985F8CD-8702-409C-AB7D-1043374BA3CC}"
EndProject
Project("{FAE04EC0-301F-11D3-BF4B-00C04F79EFBC}") = "SampleCat", "SampleCat\SampleCat.csproj", "{7634F144-0A32-40A4-A96D-075169D5CC6F}"
EndProject
Project("{FAE04EC0-301F-11D3-BF4B-00C04F79EFBC}") = "UnitTestCat", "UnitTestCat\UnitTestCat.csproj", "{22D84A8B-4628-4193-828A-53C52FD03B43}"
EndProject
Global
	GlobalSection(SolutionConfigurationPlatforms) = preSolution
		Debug|Any CPU = Debug|Any CPU
		Release|Any CPU = Release|Any CPU
	EndGlobalSection
	GlobalSection(ProjectConfigurationPlatforms) = postSolution
		{A985F8CD-8702-409C-AB7D-1043374BA3CC}.Debug|Any CPU.ActiveCfg = Debug|Any CPU
		{A985F8CD-8702-409C-AB7D-1043374BA3CC}.Debug|Any CPU.Build.0 = Debug|Any CPU
		{A985F8CD-8702-409C-AB7D-1043374BA3CC}.Release|Any CPU.ActiveCfg = Release|Any CPU
		{A985F8CD-8702-409C-AB7D-1043374BA3CC}.Release|Any CPU.Build.0 = Release|Any CPU
		{7634F144-0A32-40A4-A96D-075169D5CC6F}.Debug|Any CPU.ActiveCfg = Debug|Any CPU
		{7634F144-0A32-40A4-A96D-075169D5CC6F}.Debug|Any CPU.Build.0 = Debug|Any CPU
		{7634F144-0A32-40A4-A96D-075169D5CC6F}.Release|Any CPU.ActiveCfg = Release|Any CPU
		{7634F144-0A32-40A4-A96D-075169D5CC6F}.Release|Any CPU.Build.0 = Release|Any CPU
		{22D84A8B-4628-4193-828A-53C52FD03B43}.Debug|Any CPU.ActiveCfg = Debug|Any CPU
		{22D84A8B-4628-4193-828A-53C52FD03B43}.Debug|Any CPU.Build.0 = Debug|Any CPU
		{22D84A8B-4628-4193-828A-53C52FD03B43}.Release|Any CPU.ActiveCfg = Release|Any CPU
		{22D84A8B-4628-4193-828A-53C52FD03B43}.Release|Any CPU.Build.0 = Release|Any CPU
	EndGlobalSection
	GlobalSection(SolutionProperties) = preSolution
		HideSolutionNode = FALSE
	EndGlobalSection
	GlobalSection(ExtensibilityGlobals) = postSolution
		SolutionGuid = {7A6BBDA6-1793-4636-8410-76E66983825B}
	EndGlobalSection
EndGlobal
